
Microsoft Visual Studio Solution File, Format Version 12.00
# Visual Studio Version 17
VisualStudioVersion = 17.3.32819.101
MinimumVisualStudioVersion = 10.0.40219.1
Project("{FAE04EC0-301F-11D3-BF4B-00C04F79EFBC}") = "BinarySearchTree", "BinarySearchTree\BinarySearchTree.csproj", "{C5CC4768-9340-4715-91FB-C54434A724BF}"
EndProject
Global
	GlobalSection(SolutionConfigurationPlatforms) = preSolution
		Debug|Any CPU = Debug|Any CPU
		Release|Any CPU = Release|Any CPU
	EndGlobalSection
	GlobalSection(ProjectConfigurationPlatforms) = postSolution
		{C5CC4768-9340-4715-91FB-C54434A724BF}.Debug|Any CPU.ActiveCfg = Debug|Any CPU
		{C5CC4768-9340-4715-91FB-C54434A724BF}.Debug|Any CPU.Build.0 = Debug|Any CPU
		{C5CC4768-9340-4715-91FB-C54434A724BF}.Release|Any CPU.ActiveCfg = Release|Any CPU
		{C5CC4768-9340-4715-91FB-C54434A724BF}.Release|Any CPU.Build.0 = Release|Any CPU
	EndGlobalSection
	GlobalSection(SolutionProperties) = preSolution
		HideSolutionNode = FALSE
	EndGlobalSection
	GlobalSection(ExtensibilityGlobals) = postSolution
		SolutionGuid = {68ABA22F-7A23-4667-9C8E-1E1CC9416E4A}
	EndGlobalSection
EndGlobal
